
Microsoft Visual Studio Solution File, Format Version 12.00
# Visual Studio Version 17
VisualStudioVersion = 17.2.32616.157
MinimumVisualStudioVersion = 10.0.40219.1
Project("{FAE04EC0-301F-11D3-BF4B-00C04F79EFBC}") = "ProgrammingIIMidterm", "ProgrammingIIMidterm\ProgrammingIIMidterm.csproj", "{9DEF5B0A-CBEF-45B5-BE08-DC15A251307D}"
EndProject
Global
	GlobalSection(SolutionConfigurationPlatforms) = preSolution
		Debug|Any CPU = Debug|Any CPU
		Release|Any CPU = Release|Any CPU
	EndGlobalSection
	GlobalSection(ProjectConfigurationPlatforms) = postSolution
		{9DEF5B0A-CBEF-45B5-BE08-DC15A251307D}.Debug|Any CPU.ActiveCfg = Debug|Any CPU
		{9DEF5B0A-CBEF-45B5-BE08-DC15A251307D}.Debug|Any CPU.Build.0 = Debug|Any CPU
		{9DEF5B0A-CBEF-45B5-BE08-DC15A251307D}.Release|Any CPU.ActiveCfg = Release|Any CPU
		{9DEF5B0A-CBEF-45B5-BE08-DC15A251307D}.Release|Any CPU.Build.0 = Release|Any CPU
	EndGlobalSection
	GlobalSection(SolutionProperties) = preSolution
		HideSolutionNode = FALSE
	EndGlobalSection
	GlobalSection(ExtensibilityGlobals) = postSolution
		SolutionGuid = {3819B88C-69F6-40D4-8A73-4D8E5C2D87D8}
	EndGlobalSection
EndGlobal
